
Microsoft Visual Studio Solution File, Format Version 12.00
# Visual Studio Version 17
VisualStudioVersion = 17.14.36401.2
MinimumVisualStudioVersion = 10.0.40219.1
Project("{2150E333-8FDC-42A3-9474-1A3956D46DE8}") = "src", "src", "{02EA681E-C7D8-13C7-8484-4AC65E1B71E8}"
EndProject
Project("{2150E333-8FDC-42A3-9474-1A3956D46DE8}") = "Core", "Core", "{7BB36DC1-E5D4-45EA-88DA-D7D264082487}"
EndProject
Project("{2150E333-8FDC-42A3-9474-1A3956D46DE8}") = "Infrastructure", "Infrastructure", "{651514E7-7C3F-4BF2-A016-0609434D2949}"
EndProject
Project("{2150E333-8FDC-42A3-9474-1A3956D46DE8}") = "UI", "UI", "{25AA7182-BFD8-4730-AE6E-18E7F59DB758}"
EndProject
Project("{FAE04EC0-301F-11D3-BF4B-00C04F79EFBC}") = "Domain", "Domain\Domain.csproj", "{30888A3C-EC16-47E3-A19B-F038453126A7}"
EndProject
Project("{FAE04EC0-301F-11D3-BF4B-00C04F79EFBC}") = "Application", "Application\Application.csproj", "{5A25BC06-E7FE-4751-BD6D-30DB41256CD9}"
EndProject
Project("{FAE04EC0-301F-11D3-BF4B-00C04F79EFBC}") = "Infrastructure", "Infrastructure\Infrastructure.csproj", "{D9889185-F200-4923-B256-7367819215E6}"
EndProject
Project("{FAE04EC0-301F-11D3-BF4B-00C04F79EFBC}") = "Persistence", "Persistence\Persistence.csproj", "{57588B81-2D51-460D-9917-435DAC3B1C5C}"
EndProject
Project("{FAE04EC0-301F-11D3-BF4B-00C04F79EFBC}") = "WebUI", "WebUI\WebUI.csproj", "{D6DFA443-5C70-4AF1-98B1-D0DBE833D80C}"
EndProject
Global
	GlobalSection(SolutionConfigurationPlatforms) = preSolution
		Debug|Any CPU = Debug|Any CPU
		Release|Any CPU = Release|Any CPU
	EndGlobalSection
	GlobalSection(ProjectConfigurationPlatforms) = postSolution
		{30888A3C-EC16-47E3-A19B-F038453126A7}.Debug|Any CPU.ActiveCfg = Debug|Any CPU
		{30888A3C-EC16-47E3-A19B-F038453126A7}.Debug|Any CPU.Build.0 = Debug|Any CPU
		{30888A3C-EC16-47E3-A19B-F038453126A7}.Release|Any CPU.ActiveCfg = Release|Any CPU
		{30888A3C-EC16-47E3-A19B-F038453126A7}.Release|Any CPU.Build.0 = Release|Any CPU
		{5A25BC06-E7FE-4751-BD6D-30DB41256CD9}.Debug|Any CPU.ActiveCfg = Debug|Any CPU
		{5A25BC06-E7FE-4751-BD6D-30DB41256CD9}.Debug|Any CPU.Build.0 = Debug|Any CPU
		{5A25BC06-E7FE-4751-BD6D-30DB41256CD9}.Release|Any CPU.ActiveCfg = Release|Any CPU
		{5A25BC06-E7FE-4751-BD6D-30DB41256CD9}.Release|Any CPU.Build.0 = Release|Any CPU
		{D9889185-F200-4923-B256-7367819215E6}.Debug|Any CPU.ActiveCfg = Debug|Any CPU
		{D9889185-F200-4923-B256-7367819215E6}.Debug|Any CPU.Build.0 = Debug|Any CPU
		{D9889185-F200-4923-B256-7367819215E6}.Release|Any CPU.ActiveCfg = Release|Any CPU
		{D9889185-F200-4923-B256-7367819215E6}.Release|Any CPU.Build.0 = Release|Any CPU
		{57588B81-2D51-460D-9917-435DAC3B1C5C}.Debug|Any CPU.ActiveCfg = Debug|Any CPU
		{57588B81-2D51-460D-9917-435DAC3B1C5C}.Debug|Any CPU.Build.0 = Debug|Any CPU
		{57588B81-2D51-460D-9917-435DAC3B1C5C}.Release|Any CPU.ActiveCfg = Release|Any CPU
		{57588B81-2D51-460D-9917-435DAC3B1C5C}.Release|Any CPU.Build.0 = Release|Any CPU
		{D6DFA443-5C70-4AF1-98B1-D0DBE833D80C}.Debug|Any CPU.ActiveCfg = Debug|Any CPU
		{D6DFA443-5C70-4AF1-98B1-D0DBE833D80C}.Debug|Any CPU.Build.0 = Debug|Any CPU
		{D6DFA443-5C70-4AF1-98B1-D0DBE833D80C}.Release|Any CPU.ActiveCfg = Release|Any CPU
		{D6DFA443-5C70-4AF1-98B1-D0DBE833D80C}.Release|Any CPU.Build.0 = Release|Any CPU
	EndGlobalSection
	GlobalSection(SolutionProperties) = preSolution
		HideSolutionNode = FALSE
	EndGlobalSection
	GlobalSection(NestedProjects) = preSolution
		{7BB36DC1-E5D4-45EA-88DA-D7D264082487} = {02EA681E-C7D8-13C7-8484-4AC65E1B71E8}
		{651514E7-7C3F-4BF2-A016-0609434D2949} = {02EA681E-C7D8-13C7-8484-4AC65E1B71E8}
		{25AA7182-BFD8-4730-AE6E-18E7F59DB758} = {02EA681E-C7D8-13C7-8484-4AC65E1B71E8}
		{30888A3C-EC16-47E3-A19B-F038453126A7} = {7BB36DC1-E5D4-45EA-88DA-D7D264082487}
		{5A25BC06-E7FE-4751-BD6D-30DB41256CD9} = {7BB36DC1-E5D4-45EA-88DA-D7D264082487}
		{D9889185-F200-4923-B256-7367819215E6} = {651514E7-7C3F-4BF2-A016-0609434D2949}
		{57588B81-2D51-460D-9917-435DAC3B1C5C} = {651514E7-7C3F-4BF2-A016-0609434D2949}
		{D6DFA443-5C70-4AF1-98B1-D0DBE833D80C} = {25AA7182-BFD8-4730-AE6E-18E7F59DB758}
	EndGlobalSection
	GlobalSection(ExtensibilityGlobals) = postSolution
		SolutionGuid = {FA75D17E-05B6-4999-9F5F-0AB131D613D0}
	EndGlobalSection
EndGlobal
